
Microsoft Visual Studio Solution File, Format Version 12.00
# Visual Studio Version 17
VisualStudioVersion = 17.4.33103.184
MinimumVisualStudioVersion = 10.0.40219.1
Project("{FAE04EC0-301F-11D3-BF4B-00C04F79EFBC}") = "ornek1", "odev3Slayt9\ornek1.csproj", "{5E32D792-6218-41BF-A6F4-DB64B67AFACD}"
EndProject
Global
	GlobalSection(SolutionConfigurationPlatforms) = preSolution
		Debug|Any CPU = Debug|Any CPU
		Release|Any CPU = Release|Any CPU
	EndGlobalSection
	GlobalSection(ProjectConfigurationPlatforms) = postSolution
		{5E32D792-6218-41BF-A6F4-DB64B67AFACD}.Debug|Any CPU.ActiveCfg = Debug|Any CPU
		{5E32D792-6218-41BF-A6F4-DB64B67AFACD}.Debug|Any CPU.Build.0 = Debug|Any CPU
		{5E32D792-6218-41BF-A6F4-DB64B67AFACD}.Release|Any CPU.ActiveCfg = Release|Any CPU
		{5E32D792-6218-41BF-A6F4-DB64B67AFACD}.Release|Any CPU.Build.0 = Release|Any CPU
	EndGlobalSection
	GlobalSection(SolutionProperties) = preSolution
		HideSolutionNode = FALSE
	EndGlobalSection
	GlobalSection(ExtensibilityGlobals) = postSolution
		SolutionGuid = {AE09C2BF-E943-42B9-A94E-B8D05CE6FFAF}
	EndGlobalSection
EndGlobal
